// !$*UTF8*$!
{
	archiveVersion = 1;
	classes = {
	};
	objectVersion = 48;
	objects = {

/* Begin PBXBuildFile section */
		2F99DC8F1F8271EF0061DE3A /* AppDelegate.swift in Sources */ = {isa = PBXBuildFile; fileRef = 2F99DC8E1F8271EF0061DE3A /* AppDelegate.swift */; };
		2F99DC911F8271EF0061DE3A /* ViewController.swift in Sources */ = {isa = PBXBuildFile; fileRef = 2F99DC901F8271EF0061DE3A /* ViewController.swift */; };
		2F99DC941F8271EF0061DE3A /* Main.storyboard in Resources */ = {isa = PBXBuildFile; fileRef = 2F99DC921F8271EF0061DE3A /* Main.storyboard */; };
		2F99DC961F8271EF0061DE3A /* Assets.xcassets in Resources */ = {isa = PBXBuildFile; fileRef = 2F99DC951F8271EF0061DE3A /* Assets.xcassets */; };
		2F99DC991F8271EF0061DE3A /* LaunchScreen.storyboard in Resources */ = {isa = PBXBuildFile; fileRef = 2F99DC971F8271EF0061DE3A /* LaunchScreen.storyboard */; };
		656761580DDBD0F85EEB2601 /* Pods_Bitcoin_Currency.framework in Frameworks */ = {isa = PBXBuildFile; fileRef = F37D3037A8ECFCEE4356CAD5 /* Pods_Bitcoin_Currency.framework */; };
/* End PBXBuildFile section */

/* Begin PBXFileReference section */
		2138AD51478DB6C13DF30350 /* Pods-Bitcoin-Currency.release.xcconfig */ = {isa = PBXFileReference; includeInIndex = 1; lastKnownFileType = text.xcconfig; name = "Pods-Bitcoin-Currency.release.xcconfig"; path = "Pods/Target Support Files/Pods-Bitcoin-Currency/Pods-Bitcoin-Currency.release.xcconfig"; sourceTree = "<group>"; };
		2F99DC8B1F8271EF0061DE3A /* Bitcoin-Currency.app */ = {isa = PBXFileReference; explicitFileType = wrapper.application; includeInIndex = 0; path = "Bitcoin-Currency.app"; sourceTree = BUILT_PRODUCTS_DIR; };
		2F99DC8E1F8271EF0061DE3A /* AppDelegate.swift */ = {isa = PBXFileReference; lastKnownFileType = sourcecode.swift; path = AppDelegate.swift; sourceTree = "<group>"; };
		2F99DC901F8271EF0061DE3A /* ViewController.swift */ = {isa = PBXFileReference; lastKnownFileType = sourcecode.swift; path = ViewController.swift; sourceTree = "<group>"; };
		2F99DC931F8271EF0061DE3A /* Base */ = {isa = PBXFileReference; lastKnownFileType = file.storyboard; name = Base; path = Base.lproj/Main.storyboard; sourceTree = "<group>"; };
		2F99DC951F8271EF0061DE3A /* Assets.xcassets */ = {isa = PBXFileReference; lastKnownFileType = folder.assetcatalog; path = Assets.xcassets; sourceTree = "<group>"; };
		2F99DC981F8271EF0061DE3A /* Base */ = {isa = PBXFileReference; lastKnownFileType = file.storyboard; name = Base; path = Base.lproj/LaunchScreen.storyboard; sourceTree = "<group>"; };
		2F99DC9A1F8271EF0061DE3A /* Info.plist */ = {isa = PBXFileReference; lastKnownFileType = text.plist.xml; path = Info.plist; sourceTree = "<group>"; };
		60E9849B67766DF23BA5AA1F /* Pods-Bitcoin-Currency.debug.xcconfig */ = {isa = PBXFileReference; includeInIndex = 1; lastKnownFileType = text.xcconfig; name = "Pods-Bitcoin-Currency.debug.xcconfig"; path = "Pods/Target Support Files/Pods-Bitcoin-Currency/Pods-Bitcoin-Currency.debug.xcconfig"; sourceTree = "<group>"; };
		F37D3037A8ECFCEE4356CAD5 /* Pods_Bitcoin_Currency.framework */ = {isa = PBXFileReference; explicitFileType = wrapper.framework; includeInIndex = 0; path = Pods_Bitcoin_Currency.framework; sourceTree = BUILT_PRODUCTS_DIR; };
/* End PBXFileReference section */

/* Begin PBXFrameworksBuildPhase section */
		2F99DC881F8271EF0061DE3A /* Frameworks */ = {
			isa = PBXFrameworksBuildPhase;
			buildActionMask = 2147483647;
			files = (
				656761580DDBD0F85EEB2601 /* Pods_Bitcoin_Currency.framework in Frameworks */,
			);
			runOnlyForDeploymentPostprocessing = 0;
		};
/* End PBXFrameworksBuildPhase section */

/* Begin PBXGroup section */
		2F99DC821F8271EF0061DE3A = {
			isa = PBXGroup;
			children = (
				2F99DC8D1F8271EF0061DE3A /* Bitcoin-Currency */,
				2F99DC8C1F8271EF0061DE3A /* Products */,
				F40A0C165220EDCF1905C978 /* Pods */,
				74F7984466A7C76E32C44762 /* Frameworks */,
			);
			sourceTree = "<group>";
		};
		2F99DC8C1F8271EF0061DE3A /* Products */ = {
			isa = PBXGroup;
			children = (
				2F99DC8B1F8271EF0061DE3A /* Bitcoin-Currency.app */,
			);
			name = Products;
			sourceTree = "<group>";
		};
		2F99DC8D1F8271EF0061DE3A /* Bitcoin-Currency */ = {
			isa = PBXGroup;
			children = (
				2F99DC8E1F8271EF0061DE3A /* AppDelegate.swift */,
				2F99DC901F8271EF0061DE3A /* ViewController.swift */,
				2F99DC921F8271EF0061DE3A /* Main.storyboard */,
				2F99DC951F8271EF0061DE3A /* Assets.xcassets */,
				2F99DC971F8271EF0061DE3A /* LaunchScreen.storyboard */,
				2F99DC9A1F8271EF0061DE3A /* Info.plist */,
			);
			path = "Bitcoin-Currency";
			sourceTree = "<group>";
		};
		74F7984466A7C76E32C44762 /* Frameworks */ = {
			isa = PBXGroup;
			children = (
				F37D3037A8ECFCEE4356CAD5 /* Pods_Bitcoin_Currency.framework */,
			);
			name = Frameworks;
			sourceTree = "<group>";
		};
		F40A0C165220EDCF1905C978 /* Pods */ = {
			isa = PBXGroup;
			children = (
				60E9849B67766DF23BA5AA1F /* Pods-Bitcoin-Currency.debug.xcconfig */,
				2138AD51478DB6C13DF30350 /* Pods-Bitcoin-Currency.release.xcconfig */,
			);
			name = Pods;
			sourceTree = "<group>";
		};
/* End PBXGroup section */

/* Begin PBXNativeTarget section */
		2F99DC8A1F8271EF0061DE3A /* Bitcoin-Currency */ = {
			isa = PBXNativeTarget;
			buildConfigurationList = 2F99DC9D1F8271EF0061DE3A /* Build configuration list for PBXNativeTarget "Bitcoin-Currency" */;
			buildPhases = (
				494F46E0111E3A65019BF1AB /* [CP] Check Pods Manifest.lock */,
				2F99DC871F8271EF0061DE3A /* Sources */,
				2F99DC881F8271EF0061DE3A /* Frameworks */,
				2F99DC891F8271EF0061DE3A /* Resources */,
				D0D620A3DD5AB1BD79D1200F /* [CP] Embed Pods Frameworks */,
				C1A1C81494566C89EBF12D22 /* [CP] Copy Pods Resources */,
			);
			buildRules = (
			);
			dependencies = (
			);
			name = "Bitcoin-Currency";
			productName = "Bitcoin-Currency";
			productReference = 2F99DC8B1F8271EF0061DE3A /* Bitcoin-Currency.app */;
			productType = "com.apple.product-type.application";
		};
/* End PBXNativeTarget section */

/* Begin PBXProject section */
		2F99DC831F8271EF0061DE3A /* Project object */ = {
			isa = PBXProject;
			attributes = {
				LastSwiftUpdateCheck = 0900;
				LastUpgradeCheck = 0900;
				ORGANIZATIONNAME = "69 Rising";
				TargetAttributes = {
					2F99DC8A1F8271EF0061DE3A = {
						CreatedOnToolsVersion = 9.0;
						ProvisioningStyle = Automatic;
					};
				};
			};
			buildConfigurationList = 2F99DC861F8271EF0061DE3A /* Build configuration list for PBXProject "Bitcoin-Currency" */;
			compatibilityVersion = "Xcode 8.0";
			developmentRegion = en;
			hasScannedForEncodings = 0;
			knownRegions = (
				en,
				Base,
			);
			mainGroup = 2F99DC821F8271EF0061DE3A;
			productRefGroup = 2F99DC8C1F8271EF0061DE3A /* Products */;
			projectDirPath = "";
			projectRoot = "";
			targets = (
				2F99DC8A1F8271EF0061DE3A /* Bitcoin-Currency */,
			);
		};
/* End PBXProject section */

/* Begin PBXResourcesBuildPhase section */
		2F99DC891F8271EF0061DE3A /* Resources */ = {
			isa = PBXResourcesBuildPhase;
			buildActionMask = 2147483647;
			files = (
				2F99DC991F8271EF0061DE3A /* LaunchScreen.storyboard in Resources */,
				2F99DC961F8271EF0061DE3A /* Assets.xcassets in Resources */,
				2F99DC941F8271EF0061DE3A /* Main.storyboard in Resources */,
			);
			runOnlyForDeploymentPostprocessing = 0;
		};
/* End PBXResourcesBuildPhase section */

/* Begin PBXShellScriptBuildPhase section */
		494F46E0111E3A65019BF1AB /* [CP] Check Pods Manifest.lock */ = {
			isa = PBXShellScriptBuildPhase;
			buildActionMask = 2147483647;
			files = (
			);
			inputPaths = (
				"${PODS_PODFILE_DIR_PATH}/Podfile.lock",
				"${PODS_ROOT}/Manifest.lock",
			);
			name = "[CP] Check Pods Manifest.lock";
			outputPaths = (
				"$(DERIVED_FILE_DIR)/Pods-Bitcoin-Currency-checkManifestLockResult.txt",
			);
			runOnlyForDeploymentPostprocessing = 0;
			shellPath = /bin/sh;
			shellScript = "diff \"${PODS_PODFILE_DIR_PATH}/Podfile.lock\" \"${PODS_ROOT}/Manifest.lock\" > /dev/null\nif [ $? != 0 ] ; then\n    # print error to STDERR\n    echo \"error: The sandbox is not in sync with the Podfile.lock. Run 'pod install' or update your CocoaPods installation.\" >&2\n    exit 1\nfi\n# This output is used by Xcode 'outputs' to avoid re-running this script phase.\necho \"SUCCESS\" > \"${SCRIPT_OUTPUT_FILE_0}\"\n";
			showEnvVarsInLog = 0;
		};
		C1A1C81494566C89EBF12D22 /* [CP] Copy Pods Resources */ = {
			isa = PBXShellScriptBuildPhase;
			buildActionMask = 2147483647;
			files = (
			);
			inputPaths = (
			);
			name = "[CP] Copy Pods Resources";
			outputPaths = (
			);
			runOnlyForDeploymentPostprocessing = 0;
			shellPath = /bin/sh;
			shellScript = "\"${SRCROOT}/Pods/Target Support Files/Pods-Bitcoin-Currency/Pods-Bitcoin-Currency-resources.sh\"\n";
			showEnvVarsInLog = 0;
		};
		D0D620A3DD5AB1BD79D1200F /* [CP] Embed Pods Frameworks */ = {
			isa = PBXShellScriptBuildPhase;
			buildActionMask = 2147483647;
			files = (
			);
			inputPaths = (
				"${SRCROOT}/Pods/Target Support Files/Pods-Bitcoin-Currency/Pods-Bitcoin-Currency-frameworks.sh",
				"${BUILT_PRODUCTS_DIR}/Alamofire/Alamofire.framework",
				"${BUILT_PRODUCTS_DIR}/ProgressHUD/ProgressHUD.framework",
				"${BUILT_PRODUCTS_DIR}/SwiftyJSON/SwiftyJSON.framework",
			);
			name = "[CP] Embed Pods Frameworks";
			outputPaths = (
				"${TARGET_BUILD_DIR}/${FRAMEWORKS_FOLDER_PATH}/Alamofire.framework",
				"${TARGET_BUILD_DIR}/${FRAMEWORKS_FOLDER_PATH}/ProgressHUD.framework",
				"${TARGET_BUILD_DIR}/${FRAMEWORKS_FOLDER_PATH}/SwiftyJSON.framework",
			);
			runOnlyForDeploymentPostprocessing = 0;
			shellPath = /bin/sh;
			shellScript = "\"${SRCROOT}/Pods/Target Support Files/Pods-Bitcoin-Currency/Pods-Bitcoin-Currency-frameworks.sh\"\n";
			showEnvVarsInLog = 0;
		};
/* End PBXShellScriptBuildPhase section */

/* Begin PBXSourcesBuildPhase section */
		2F99DC871F8271EF0061DE3A /* Sources */ = {
			isa = PBXSourcesBuildPhase;
			buildActionMask = 2147483647;
			files = (
				2F99DC911F8271EF0061DE3A /* ViewController.swift in Sources */,
				2F99DC8F1F8271EF0061DE3A /* AppDelegate.swift in Sources */,
			);
			runOnlyForDeploymentPostprocessing = 0;
		};
/* End PBXSourcesBuildPhase section */

/* Begin PBXVariantGroup section */
		2F99DC921F8271EF0061DE3A /* Main.storyboard */ = {
			isa = PBXVariantGroup;
			children = (
				2F99DC931F8271EF0061DE3A /* Base */,
			);
			name = Main.storyboard;
			sourceTree = "<group>";
		};
		2F99DC971F8271EF0061DE3A /* LaunchScreen.storyboard */ = {
			isa = PBXVariantGroup;
			children = (
				2F99DC981F8271EF0061DE3A /* Base */,
			);
			name = LaunchScreen.storyboard;
			sourceTree = "<group>";
		};
/* End PBXVariantGroup section */

/* Begin XCBuildConfiguration section */
		2F99DC9B1F8271EF0061DE3A /* Debug */ = {
			isa = XCBuildConfiguration;
			buildSettings = {
				ALWAYS_SEARCH_USER_PATHS = NO;
				CLANG_ANALYZER_NONNULL = YES;
				CLANG_ANALYZER_NUMBER_OBJECT_CONVERSION = YES_AGGRESSIVE;
				CLANG_CXX_LANGUAGE_STANDARD = "gnu++14";
				CLANG_CXX_LIBRARY = "libc++";
				CLANG_ENABLE_MODULES = YES;
				CLANG_ENABLE_OBJC_ARC = YES;
				CLANG_WARN_BLOCK_CAPTURE_AUTORELEASING = YES;
				CLANG_WARN_BOOL_CONVERSION = YES;
				CLANG_WARN_COMMA = YES;
				CLANG_WARN_CONSTANT_CONVERSION = YES;
				CLANG_WARN_DIRECT_OBJC_ISA_USAGE = YES_ERROR;
				CLANG_WARN_DOCUMENTATION_COMMENTS = YES;
				CLANG_WARN_EMPTY_BODY = YES;
				CLANG_WARN_ENUM_CONVERSION = YES;
				CLANG_WARN_INFINITE_RECURSION = YES;
				CLANG_WARN_INT_CONVERSION = YES;
				CLANG_WARN_NON_LITERAL_NULL_CONVERSION = YES;
				CLANG_WARN_OBJC_LITERAL_CONVERSION = YES;
				CLANG_WARN_OBJC_ROOT_CLASS = YES_ERROR;
				CLANG_WARN_RANGE_LOOP_ANALYSIS = YES;
				CLANG_WARN_STRICT_PROTOTYPES = YES;
				CLANG_WARN_SUSPICIOUS_MOVE = YES;
				CLANG_WARN_UNGUARDED_AVAILABILITY = YES_AGGRESSIVE;
				CLANG_WARN_UNREACHABLE_CODE = YES;
				CLANG_WARN__DUPLICATE_METHOD_MATCH = YES;
				CODE_SIGN_IDENTITY = "iPhone Developer";
				COPY_PHASE_STRIP = NO;
				DEBUG_INFORMATION_FORMAT = dwarf;
				ENABLE_STRICT_OBJC_MSGSEND = YES;
				ENABLE_TESTABILITY = YES;
				GCC_C_LANGUAGE_STANDARD = gnu11;
				GCC_DYNAMIC_NO_PIC = NO;
				GCC_NO_COMMON_BLOCKS = YES;
				GCC_OPTIMIZATION_LEVEL = 0;
				GCC_PREPROCESSOR_DEFINITIONS = (
					"DEBUG=1",
					"$(inherited)",
				);
				GCC_WARN_64_TO_32_BIT_CONVERSION = YES;
				GCC_WARN_ABOUT_RETURN_TYPE = YES_ERROR;
				GCC_WARN_UNDECLARED_SELECTOR = YES;
				GCC_WARN_UNINITIALIZED_AUTOS = YES_AGGRESSIVE;
				GCC_WARN_UNUSED_FUNCTION = YES;
				GCC_WARN_UNUSED_VARIABLE = YES;
				IPHONEOS_DEPLOYMENT_TARGET = 11.0;
				MTL_ENABLE_DEBUG_INFO = YES;
				ONLY_ACTIVE_ARCH = YES;
				SDKROOT = iphoneos;
				SWIFT_ACTIVE_COMPILATION_CONDITIONS = DEBUG;
				SWIFT_OPTIMIZATION_LEVEL = "-Onone";
			};
			name = Debug;
		};
		2F99DC9C1F8271EF0061DE3A /* Release */ = {
			isa = XCBuildConfiguration;
			buildSettings = {
				ALWAYS_SEARCH_USER_PATHS = NO;
				CLANG_ANALYZER_NONNULL = YES;
				CLANG_ANALYZER_NUMBER_OBJECT_CONVERSION = YES_AGGRESSIVE;
				CLANG_CXX_LANGUAGE_STANDARD = "gnu++14";
				CLANG_CXX_LIBRARY = "libc++";
				CLANG_ENABLE_MODULES = YES;
				CLANG_ENABLE_OBJC_ARC = YES;
				CLANG_WARN_BLOCK_CAPTURE_AUTORELEASING = YES;
				CLANG_WARN_BOOL_CONVERSION = YES;
				CLANG_WARN_COMMA = YES;
				CLANG_WARN_CONSTANT_CONVERSION = YES;
				CLANG_WARN_DIRECT_OBJC_ISA_USAGE = YES_ERROR;
				CLANG_WARN_DOCUMENTATION_COMMENTS = YES;
				CLANG_WARN_EMPTY_BODY = YES;
				CLANG_WARN_ENUM_CONVERSION = YES;
				CLANG_WARN_INFINITE_RECURSION = YES;
				CLANG_WARN_INT_CONVERSION = YES;
				CLANG_WARN_NON_LITERAL_NULL_CONVERSION = YES;
				CLANG_WARN_OBJC_LITERAL_CONVERSION = YES;
				CLANG_WARN_OBJC_ROOT_CLASS = YES_ERROR;
				CLANG_WARN_RANGE_LOOP_ANALYSIS = YES;
				CLANG_WARN_STRICT_PROTOTYPES = YES;
				CLANG_WARN_SUSPICIOUS_MOVE = YES;
				CLANG_WARN_UNGUARDED_AVAILABILITY = YES_AGGRESSIVE;
				CLANG_WARN_UNREACHABLE_CODE = YES;
				CLANG_WARN__DUPLICATE_METHOD_MATCH = YES;
				CODE_SIGN_IDENTITY = "iPhone Developer";
				COPY_PHASE_STRIP = NO;
				DEBUG_INFORMATION_FORMAT = "dwarf-with-dsym";
				ENABLE_NS_ASSERTIONS = NO;
				ENABLE_STRICT_OBJC_MSGSEND = YES;
				GCC_C_LANGUAGE_STANDARD = gnu11;
				GCC_NO_COMMON_BLOCKS = YES;
				GCC_WARN_64_TO_32_BIT_CONVERSION = YES;
				GCC_WARN_ABOUT_RETURN_TYPE = YES_ERROR;
				GCC_WARN_UNDECLARED_SELECTOR = YES;
				GCC_WARN_UNINITIALIZED_AUTOS = YES_AGGRESSIVE;
				GCC_WARN_UNUSED_FUNCTION = YES;
				GCC_WARN_UNUSED_VARIABLE = YES;
				IPHONEOS_DEPLOYMENT_TARGET = 11.0;
				MTL_ENABLE_DEBUG_INFO = NO;
				SDKROOT = iphoneos;
				SWIFT_OPTIMIZATION_LEVEL = "-Owholemodule";
				VALIDATE_PRODUCT = YES;
			};
			name = Release;
		};
		2F99DC9E1F8271EF0061DE3A /* Debug */ = {
			isa = XCBuildConfiguration;
			baseConfigurationReference = 60E9849B67766DF23BA5AA1F /* Pods-Bitcoin-Currency.debug.xcconfig */;
			buildSettings = {
				ASSETCATALOG_COMPILER_APPICON_NAME = AppIcon;
				CODE_SIGN_STYLE = Automatic;
				DEVELOPMENT_TEAM = QPH82DZ4LV;
				INFOPLIST_FILE = "Bitcoin-Currency/Info.plist";
				LD_RUNPATH_SEARCH_PATHS = "$(inherited) @executable_path/Frameworks";
				PRODUCT_BUNDLE_IDENTIFIER = "com.69rising.Bitcoin-Currency";
				PRODUCT_NAME = "$(TARGET_NAME)";
				SWIFT_VERSION = 4.0;
				TARGETED_DEVICE_FAMILY = "1,2";
			};
			name = Debug;
		};
		2F99DC9F1F8271EF0061DE3A /* Release */ = {
			isa = XCBuildConfiguration;
			baseConfigurationReference = 2138AD51478DB6C13DF30350 /* Pods-Bitcoin-Currency.release.xcconfig */;
			buildSettings = {
				ASSETCATALOG_COMPILER_APPICON_NAME = AppIcon;
				CODE_SIGN_STYLE = Automatic;
				DEVELOPMENT_TEAM = QPH82DZ4LV;
				INFOPLIST_FILE = "Bitcoin-Currency/Info.plist";
				LD_RUNPATH_SEARCH_PATHS = "$(inherited) @executable_path/Frameworks";
				PRODUCT_BUNDLE_IDENTIFIER = "com.69rising.Bitcoin-Currency";
				PRODUCT_NAME = "$(TARGET_NAME)";
				SWIFT_VERSION = 4.0;
				TARGETED_DEVICE_FAMILY = "1,2";
			};
			name = Release;
		};
/* End XCBuildConfiguration section */

/* Begin XCConfigurationList section */
		2F99DC861F8271EF0061DE3A /* Build configuration list for PBXProject "Bitcoin-Currency" */ = {
			isa = XCConfigurationList;
			buildConfigurations = (
				2F99DC9B1F8271EF0061DE3A /* Debug */,
				2F99DC9C1F8271EF0061DE3A /* Release */,
			);
			defaultConfigurationIsVisible = 0;
			defaultConfigurationName = Release;
		};
		2F99DC9D1F8271EF0061DE3A /* Build configuration list for PBXNativeTarget "Bitcoin-Currency" */ = {
			isa = XCConfigurationList;
			buildConfigurations = (
				2F99DC9E1F8271EF0061DE3A /* Debug */,
				2F99DC9F1F8271EF0061DE3A /* Release */,
			);
			defaultConfigurationIsVisible = 0;
			defaultConfigurationName = Release;
		};
/* End XCConfigurationList section */
	};
	rootObject = 2F99DC831F8271EF0061DE3A /* Project object */;
}
